
Microsoft Visual Studio Solution File, Format Version 12.00
# Visual Studio Version 17
VisualStudioVersion = 17.13.35818.85 d17.13
MinimumVisualStudioVersion = 10.0.40219.1
Project("{FAE04EC0-301F-11D3-BF4B-00C04F79EFBC}") = "Serverless", "Serverless.csproj", "{90762B98-D334-4124-B487-565FB307D1F8}"
EndProject
Project("{FAE04EC0-301F-11D3-BF4B-00C04F79EFBC}") = "ServiceBus", "..\ServiceBus\ServiceBus.csproj", "{D699069A-58FE-4F3A-94C3-7C4BEB00836C}"
EndProject
Global
	GlobalSection(SolutionConfigurationPlatforms) = preSolution
		Debug|Any CPU = Debug|Any CPU
		Release|Any CPU = Release|Any CPU
	EndGlobalSection
	GlobalSection(ProjectConfigurationPlatforms) = postSolution
		{90762B98-D334-4124-B487-565FB307D1F8}.Debug|Any CPU.ActiveCfg = Debug|Any CPU
		{90762B98-D334-4124-B487-565FB307D1F8}.Debug|Any CPU.Build.0 = Debug|Any CPU
		{90762B98-D334-4124-B487-565FB307D1F8}.Release|Any CPU.ActiveCfg = Release|Any CPU
		{90762B98-D334-4124-B487-565FB307D1F8}.Release|Any CPU.Build.0 = Release|Any CPU
		{D699069A-58FE-4F3A-94C3-7C4BEB00836C}.Debug|Any CPU.ActiveCfg = Debug|Any CPU
		{D699069A-58FE-4F3A-94C3-7C4BEB00836C}.Debug|Any CPU.Build.0 = Debug|Any CPU
		{D699069A-58FE-4F3A-94C3-7C4BEB00836C}.Release|Any CPU.ActiveCfg = Release|Any CPU
		{D699069A-58FE-4F3A-94C3-7C4BEB00836C}.Release|Any CPU.Build.0 = Release|Any CPU
	EndGlobalSection
	GlobalSection(SolutionProperties) = preSolution
		HideSolutionNode = FALSE
	EndGlobalSection
	GlobalSection(ExtensibilityGlobals) = postSolution
		SolutionGuid = {D1A0D1D5-40E3-4B62-98BE-D1885E84A68F}
	EndGlobalSection
EndGlobal
